
Microsoft Visual Studio Solution File, Format Version 12.00
# Visual Studio 2013
VisualStudioVersion = 12.0.30723.0
MinimumVisualStudioVersion = 10.0.40219.1
Project("{FAE04EC0-301F-11D3-BF4B-00C04F79EFBC}") = "Frames", "ExamPrep\Frames.csproj", "{8D52E764-73AA-4F7F-9DFE-B2FE74921649}"
EndProject
Project("{FAE04EC0-301F-11D3-BF4B-00C04F79EFBC}") = "3DLabirynth", "3DLabirynth\3DLabirynth.csproj", "{341277C9-6475-4C43-9563-E0EE14B2642A}"
EndProject
Project("{FAE04EC0-301F-11D3-BF4B-00C04F79EFBC}") = "Supermarket", "Supermarket\Supermarket.csproj", "{69692250-A0A3-4150-9DFF-A46AF24924FB}"
EndProject
Project("{FAE04EC0-301F-11D3-BF4B-00C04F79EFBC}") = "RecoverMessage", "RecoverMessage\RecoverMessage.csproj", "{C8D3DE71-2147-4E5E-A36C-048056614AC2}"
EndProject
Project("{FAE04EC0-301F-11D3-BF4B-00C04F79EFBC}") = "MessageInABottle", "MessageInABottle\MessageInABottle.csproj", "{89E908A0-4BD6-4E3E-976C-7B5650C50B4B}"
EndProject
Project("{FAE04EC0-301F-11D3-BF4B-00C04F79EFBC}") = "AcademyTasks", "AcademyTasks\AcademyTasks.csproj", "{2DBAF77C-0786-408E-8084-0F295C1565CB}"
EndProject
Project("{FAE04EC0-301F-11D3-BF4B-00C04F79EFBC}") = "RiskWinsRiskLoses", "RiskWinsRiskLoses\RiskWinsRiskLoses.csproj", "{559E992D-FAF5-46A5-8C85-FC6B736996D8}"
EndProject
Project("{FAE04EC0-301F-11D3-BF4B-00C04F79EFBC}") = "ShoppingCenter", "ShoppingCenter\ShoppingCenter.csproj", "{B723F56B-8697-47D4-86A1-86956FBC92E5}"
EndProject
Global
	GlobalSection(SolutionConfigurationPlatforms) = preSolution
		Debug|Any CPU = Debug|Any CPU
		Release|Any CPU = Release|Any CPU
	EndGlobalSection
	GlobalSection(ProjectConfigurationPlatforms) = postSolution
		{8D52E764-73AA-4F7F-9DFE-B2FE74921649}.Debug|Any CPU.ActiveCfg = Debug|Any CPU
		{8D52E764-73AA-4F7F-9DFE-B2FE74921649}.Debug|Any CPU.Build.0 = Debug|Any CPU
		{8D52E764-73AA-4F7F-9DFE-B2FE74921649}.Release|Any CPU.ActiveCfg = Release|Any CPU
		{8D52E764-73AA-4F7F-9DFE-B2FE74921649}.Release|Any CPU.Build.0 = Release|Any CPU
		{341277C9-6475-4C43-9563-E0EE14B2642A}.Debug|Any CPU.ActiveCfg = Debug|Any CPU
		{341277C9-6475-4C43-9563-E0EE14B2642A}.Debug|Any CPU.Build.0 = Debug|Any CPU
		{341277C9-6475-4C43-9563-E0EE14B2642A}.Release|Any CPU.ActiveCfg = Release|Any CPU
		{341277C9-6475-4C43-9563-E0EE14B2642A}.Release|Any CPU.Build.0 = Release|Any CPU
		{69692250-A0A3-4150-9DFF-A46AF24924FB}.Debug|Any CPU.ActiveCfg = Debug|Any CPU
		{69692250-A0A3-4150-9DFF-A46AF24924FB}.Debug|Any CPU.Build.0 = Debug|Any CPU
		{69692250-A0A3-4150-9DFF-A46AF24924FB}.Release|Any CPU.ActiveCfg = Release|Any CPU
		{69692250-A0A3-4150-9DFF-A46AF24924FB}.Release|Any CPU.Build.0 = Release|Any CPU
		{C8D3DE71-2147-4E5E-A36C-048056614AC2}.Debug|Any CPU.ActiveCfg = Debug|Any CPU
		{C8D3DE71-2147-4E5E-A36C-048056614AC2}.Debug|Any CPU.Build.0 = Debug|Any CPU
		{C8D3DE71-2147-4E5E-A36C-048056614AC2}.Release|Any CPU.ActiveCfg = Release|Any CPU
		{C8D3DE71-2147-4E5E-A36C-048056614AC2}.Release|Any CPU.Build.0 = Release|Any CPU
		{89E908A0-4BD6-4E3E-976C-7B5650C50B4B}.Debug|Any CPU.ActiveCfg = Debug|Any CPU
		{89E908A0-4BD6-4E3E-976C-7B5650C50B4B}.Debug|Any CPU.Build.0 = Debug|Any CPU
		{89E908A0-4BD6-4E3E-976C-7B5650C50B4B}.Release|Any CPU.ActiveCfg = Release|Any CPU
		{89E908A0-4BD6-4E3E-976C-7B5650C50B4B}.Release|Any CPU.Build.0 = Release|Any CPU
		{2DBAF77C-0786-408E-8084-0F295C1565CB}.Debug|Any CPU.ActiveCfg = Debug|Any CPU
		{2DBAF77C-0786-408E-8084-0F295C1565CB}.Debug|Any CPU.Build.0 = Debug|Any CPU
		{2DBAF77C-0786-408E-8084-0F295C1565CB}.Release|Any CPU.ActiveCfg = Release|Any CPU
		{2DBAF77C-0786-408E-8084-0F295C1565CB}.Release|Any CPU.Build.0 = Release|Any CPU
		{559E992D-FAF5-46A5-8C85-FC6B736996D8}.Debug|Any CPU.ActiveCfg = Debug|Any CPU
		{559E992D-FAF5-46A5-8C85-FC6B736996D8}.Debug|Any CPU.Build.0 = Debug|Any CPU
		{559E992D-FAF5-46A5-8C85-FC6B736996D8}.Release|Any CPU.ActiveCfg = Release|Any CPU
		{559E992D-FAF5-46A5-8C85-FC6B736996D8}.Release|Any CPU.Build.0 = Release|Any CPU
		{B723F56B-8697-47D4-86A1-86956FBC92E5}.Debug|Any CPU.ActiveCfg = Debug|Any CPU
		{B723F56B-8697-47D4-86A1-86956FBC92E5}.Debug|Any CPU.Build.0 = Debug|Any CPU
		{B723F56B-8697-47D4-86A1-86956FBC92E5}.Release|Any CPU.ActiveCfg = Release|Any CPU
		{B723F56B-8697-47D4-86A1-86956FBC92E5}.Release|Any CPU.Build.0 = Release|Any CPU
	EndGlobalSection
	GlobalSection(SolutionProperties) = preSolution
		HideSolutionNode = FALSE
	EndGlobalSection
EndGlobal
