
Microsoft Visual Studio Solution File, Format Version 12.00
# Visual Studio 2013
VisualStudioVersion = 12.0.30723.0
MinimumVisualStudioVersion = 10.0.40219.1
Project("{FAE04EC0-301F-11D3-BF4B-00C04F79EFBC}") = "StudentSystem.Data", "StudentSystem.Data\StudentSystem.Data.csproj", "{A607A4E5-7EC1-4E19-8881-00DC29BC5106}"
EndProject
Project("{FAE04EC0-301F-11D3-BF4B-00C04F79EFBC}") = "StudentSystem.Model", "StudentSystem.Model\StudentSystem.Model.csproj", "{61E72D11-4C36-412D-A9AD-1BD1AFB0D90E}"
EndProject
Project("{FAE04EC0-301F-11D3-BF4B-00C04F79EFBC}") = "StudentSystemClient", "StudentSystemClient\StudentSystemClient.csproj", "{B19AF353-4A2D-4426-B3EB-89327A9604D9}"
EndProject
Global
	GlobalSection(SolutionConfigurationPlatforms) = preSolution
		Debug|Any CPU = Debug|Any CPU
		Release|Any CPU = Release|Any CPU
	EndGlobalSection
	GlobalSection(ProjectConfigurationPlatforms) = postSolution
		{A607A4E5-7EC1-4E19-8881-00DC29BC5106}.Debug|Any CPU.ActiveCfg = Debug|Any CPU
		{A607A4E5-7EC1-4E19-8881-00DC29BC5106}.Debug|Any CPU.Build.0 = Debug|Any CPU
		{A607A4E5-7EC1-4E19-8881-00DC29BC5106}.Release|Any CPU.ActiveCfg = Release|Any CPU
		{A607A4E5-7EC1-4E19-8881-00DC29BC5106}.Release|Any CPU.Build.0 = Release|Any CPU
		{61E72D11-4C36-412D-A9AD-1BD1AFB0D90E}.Debug|Any CPU.ActiveCfg = Debug|Any CPU
		{61E72D11-4C36-412D-A9AD-1BD1AFB0D90E}.Debug|Any CPU.Build.0 = Debug|Any CPU
		{61E72D11-4C36-412D-A9AD-1BD1AFB0D90E}.Release|Any CPU.ActiveCfg = Release|Any CPU
		{61E72D11-4C36-412D-A9AD-1BD1AFB0D90E}.Release|Any CPU.Build.0 = Release|Any CPU
		{B19AF353-4A2D-4426-B3EB-89327A9604D9}.Debug|Any CPU.ActiveCfg = Debug|Any CPU
		{B19AF353-4A2D-4426-B3EB-89327A9604D9}.Debug|Any CPU.Build.0 = Debug|Any CPU
		{B19AF353-4A2D-4426-B3EB-89327A9604D9}.Release|Any CPU.ActiveCfg = Release|Any CPU
		{B19AF353-4A2D-4426-B3EB-89327A9604D9}.Release|Any CPU.Build.0 = Release|Any CPU
	EndGlobalSection
	GlobalSection(SolutionProperties) = preSolution
		HideSolutionNode = FALSE
	EndGlobalSection
EndGlobal
