
Microsoft Visual Studio Solution File, Format Version 12.00
# Visual Studio 2012
Project("{FAE04EC0-301F-11D3-BF4B-00C04F79EFBC}") = "Backgammon", "Backgammon\Backgammon.csproj", "{BA61F3AF-FB63-4187-8A97-F5BC532FB294}"
EndProject
Project("{FAE04EC0-301F-11D3-BF4B-00C04F79EFBC}") = "ClassesBackgammon", "ClassesBackgammon\ClassesBackgammon.csproj", "{FA86BF15-7697-4140-B0C6-91BD3E6755FF}"
EndProject
Global
	GlobalSection(TeamFoundationVersionControl) = preSolution
		SccNumberOfProjects = 3
		SccEnterpriseProvider = {4CA58AB2-18FA-4F8D-95D4-32DDF27D184C}
		SccTeamFoundationServer = https://theoldman.visualstudio.com/defaultcollection
		SccLocalPath0 = .
		SccProjectUniqueName1 = Backgammon\\Backgammon.csproj
		SccProjectName1 = Backgammon
		SccLocalPath1 = Backgammon
		SccProjectUniqueName2 = ClassesBackgammon\\ClassesBackgammon.csproj
		SccProjectName2 = ClassesBackgammon
		SccLocalPath2 = ClassesBackgammon
	EndGlobalSection
	GlobalSection(SolutionConfigurationPlatforms) = preSolution
		Debug|Any CPU = Debug|Any CPU
		Release|Any CPU = Release|Any CPU
	EndGlobalSection
	GlobalSection(ProjectConfigurationPlatforms) = postSolution
		{BA61F3AF-FB63-4187-8A97-F5BC532FB294}.Debug|Any CPU.ActiveCfg = Debug|Any CPU
		{BA61F3AF-FB63-4187-8A97-F5BC532FB294}.Debug|Any CPU.Build.0 = Debug|Any CPU
		{BA61F3AF-FB63-4187-8A97-F5BC532FB294}.Release|Any CPU.ActiveCfg = Release|Any CPU
		{BA61F3AF-FB63-4187-8A97-F5BC532FB294}.Release|Any CPU.Build.0 = Release|Any CPU
		{FA86BF15-7697-4140-B0C6-91BD3E6755FF}.Debug|Any CPU.ActiveCfg = Debug|Any CPU
		{FA86BF15-7697-4140-B0C6-91BD3E6755FF}.Debug|Any CPU.Build.0 = Debug|Any CPU
		{FA86BF15-7697-4140-B0C6-91BD3E6755FF}.Release|Any CPU.ActiveCfg = Release|Any CPU
		{FA86BF15-7697-4140-B0C6-91BD3E6755FF}.Release|Any CPU.Build.0 = Release|Any CPU
	EndGlobalSection
	GlobalSection(SolutionProperties) = preSolution
		HideSolutionNode = FALSE
	EndGlobalSection
EndGlobal
