
Microsoft Visual Studio Solution File, Format Version 12.00
# Visual Studio 2013
VisualStudioVersion = 12.0.30501.0
MinimumVisualStudioVersion = 10.0.40219.1
Project("{FAE04EC0-301F-11D3-BF4B-00C04F79EFBC}") = "Task1", "Task1\Task1.csproj", "{DEBEEE5A-F7ED-4725-B711-FEDD88F79048}"
EndProject
Project("{FAE04EC0-301F-11D3-BF4B-00C04F79EFBC}") = "Task2", "Task2\Task2.csproj", "{AD90FE87-9143-4829-9114-16B33C4FCF59}"
EndProject
Project("{FAE04EC0-301F-11D3-BF4B-00C04F79EFBC}") = "Task3", "Task3\Task3.csproj", "{6449D922-7696-464C-8C6C-79A3E7CF78C5}"
EndProject
Global
	GlobalSection(SolutionConfigurationPlatforms) = preSolution
		Debug|Any CPU = Debug|Any CPU
		Release|Any CPU = Release|Any CPU
	EndGlobalSection
	GlobalSection(ProjectConfigurationPlatforms) = postSolution
		{DEBEEE5A-F7ED-4725-B711-FEDD88F79048}.Debug|Any CPU.ActiveCfg = Debug|Any CPU
		{DEBEEE5A-F7ED-4725-B711-FEDD88F79048}.Debug|Any CPU.Build.0 = Debug|Any CPU
		{DEBEEE5A-F7ED-4725-B711-FEDD88F79048}.Release|Any CPU.ActiveCfg = Release|Any CPU
		{DEBEEE5A-F7ED-4725-B711-FEDD88F79048}.Release|Any CPU.Build.0 = Release|Any CPU
		{AD90FE87-9143-4829-9114-16B33C4FCF59}.Debug|Any CPU.ActiveCfg = Debug|Any CPU
		{AD90FE87-9143-4829-9114-16B33C4FCF59}.Debug|Any CPU.Build.0 = Debug|Any CPU
		{AD90FE87-9143-4829-9114-16B33C4FCF59}.Release|Any CPU.ActiveCfg = Release|Any CPU
		{AD90FE87-9143-4829-9114-16B33C4FCF59}.Release|Any CPU.Build.0 = Release|Any CPU
		{6449D922-7696-464C-8C6C-79A3E7CF78C5}.Debug|Any CPU.ActiveCfg = Debug|Any CPU
		{6449D922-7696-464C-8C6C-79A3E7CF78C5}.Debug|Any CPU.Build.0 = Debug|Any CPU
		{6449D922-7696-464C-8C6C-79A3E7CF78C5}.Release|Any CPU.ActiveCfg = Release|Any CPU
		{6449D922-7696-464C-8C6C-79A3E7CF78C5}.Release|Any CPU.Build.0 = Release|Any CPU
	EndGlobalSection
	GlobalSection(SolutionProperties) = preSolution
		HideSolutionNode = FALSE
	EndGlobalSection
EndGlobal
