
Microsoft Visual Studio Solution File, Format Version 12.00
# Visual Studio 2013
VisualStudioVersion = 12.0.30723.0
MinimumVisualStudioVersion = 10.0.40219.1
Project("{FAE04EC0-301F-11D3-BF4B-00C04F79EFBC}") = "01.BuildTree", "01.BuildTree\01.BuildTree.csproj", "{FBFA3AB5-5B3E-44B3-B4F7-94FDF7269B77}"
EndProject
Project("{FAE04EC0-301F-11D3-BF4B-00C04F79EFBC}") = "02.TraverseWindows", "02.TraverseWindows\02.TraverseWindows.csproj", "{BF71A736-BED2-4728-9255-D2865453651C}"
EndProject
Project("{FAE04EC0-301F-11D3-BF4B-00C04F79EFBC}") = "03.FilesAndFolders", "03.FilesAndFolders\03.FilesAndFolders.csproj", "{DF7C2E52-3A81-4062-B6AB-89F722D096F3}"
EndProject
Global
	GlobalSection(SolutionConfigurationPlatforms) = preSolution
		Debug|Any CPU = Debug|Any CPU
		Release|Any CPU = Release|Any CPU
	EndGlobalSection
	GlobalSection(ProjectConfigurationPlatforms) = postSolution
		{FBFA3AB5-5B3E-44B3-B4F7-94FDF7269B77}.Debug|Any CPU.ActiveCfg = Debug|Any CPU
		{FBFA3AB5-5B3E-44B3-B4F7-94FDF7269B77}.Debug|Any CPU.Build.0 = Debug|Any CPU
		{FBFA3AB5-5B3E-44B3-B4F7-94FDF7269B77}.Release|Any CPU.ActiveCfg = Release|Any CPU
		{FBFA3AB5-5B3E-44B3-B4F7-94FDF7269B77}.Release|Any CPU.Build.0 = Release|Any CPU
		{BF71A736-BED2-4728-9255-D2865453651C}.Debug|Any CPU.ActiveCfg = Debug|Any CPU
		{BF71A736-BED2-4728-9255-D2865453651C}.Debug|Any CPU.Build.0 = Debug|Any CPU
		{BF71A736-BED2-4728-9255-D2865453651C}.Release|Any CPU.ActiveCfg = Release|Any CPU
		{BF71A736-BED2-4728-9255-D2865453651C}.Release|Any CPU.Build.0 = Release|Any CPU
		{DF7C2E52-3A81-4062-B6AB-89F722D096F3}.Debug|Any CPU.ActiveCfg = Debug|Any CPU
		{DF7C2E52-3A81-4062-B6AB-89F722D096F3}.Debug|Any CPU.Build.0 = Debug|Any CPU
		{DF7C2E52-3A81-4062-B6AB-89F722D096F3}.Release|Any CPU.ActiveCfg = Release|Any CPU
		{DF7C2E52-3A81-4062-B6AB-89F722D096F3}.Release|Any CPU.Build.0 = Release|Any CPU
	EndGlobalSection
	GlobalSection(SolutionProperties) = preSolution
		HideSolutionNode = FALSE
	EndGlobalSection
EndGlobal
