
Microsoft Visual Studio Solution File, Format Version 12.00
# Visual Studio 2013
VisualStudioVersion = 12.0.30501.0
MinimumVisualStudioVersion = 10.0.40219.1
Project("{FAE04EC0-301F-11D3-BF4B-00C04F79EFBC}") = "Minesweeper", "Minesweeper\Minesweeper.csproj", "{BD7F99C0-B977-4F24-83A8-DC8ED5D31B0A}"
EndProject
Project("{FAE04EC0-301F-11D3-BF4B-00C04F79EFBC}") = "UnitTests", "UnitTests\UnitTests.csproj", "{DBC352BC-B3E3-4467-B00E-ED10F676CA63}"
EndProject
Global
	GlobalSection(SolutionConfigurationPlatforms) = preSolution
		Debug|Any CPU = Debug|Any CPU
		Release|Any CPU = Release|Any CPU
	EndGlobalSection
	GlobalSection(ProjectConfigurationPlatforms) = postSolution
		{BD7F99C0-B977-4F24-83A8-DC8ED5D31B0A}.Debug|Any CPU.ActiveCfg = Debug|Any CPU
		{BD7F99C0-B977-4F24-83A8-DC8ED5D31B0A}.Debug|Any CPU.Build.0 = Debug|Any CPU
		{BD7F99C0-B977-4F24-83A8-DC8ED5D31B0A}.Release|Any CPU.ActiveCfg = Release|Any CPU
		{BD7F99C0-B977-4F24-83A8-DC8ED5D31B0A}.Release|Any CPU.Build.0 = Release|Any CPU
		{DBC352BC-B3E3-4467-B00E-ED10F676CA63}.Debug|Any CPU.ActiveCfg = Debug|Any CPU
		{DBC352BC-B3E3-4467-B00E-ED10F676CA63}.Debug|Any CPU.Build.0 = Debug|Any CPU
		{DBC352BC-B3E3-4467-B00E-ED10F676CA63}.Release|Any CPU.ActiveCfg = Release|Any CPU
		{DBC352BC-B3E3-4467-B00E-ED10F676CA63}.Release|Any CPU.Build.0 = Release|Any CPU
	EndGlobalSection
	GlobalSection(SolutionProperties) = preSolution
		HideSolutionNode = FALSE
	EndGlobalSection
EndGlobal
